
Microsoft Visual Studio Solution File, Format Version 12.00
# Visual Studio Version 16
VisualStudioVersion = 16.0.29424.173
MinimumVisualStudioVersion = 10.0.40219.1
Project("{888888A0-9F3D-457C-B088-3A5042F75D52}") = "Q3.1.1.3+4_soln", "Q3.1.1.3+4_soln\Q3.1.1.3+4_soln.pyproj", "{63289053-20F8-4566-B35B-E3CE2FDE8846}"
EndProject
Global
	GlobalSection(SolutionConfigurationPlatforms) = preSolution
		Debug|Any CPU = Debug|Any CPU
		Release|Any CPU = Release|Any CPU
	EndGlobalSection
	GlobalSection(ProjectConfigurationPlatforms) = postSolution
		{63289053-20F8-4566-B35B-E3CE2FDE8846}.Debug|Any CPU.ActiveCfg = Debug|Any CPU
		{63289053-20F8-4566-B35B-E3CE2FDE8846}.Release|Any CPU.ActiveCfg = Release|Any CPU
	EndGlobalSection
	GlobalSection(SolutionProperties) = preSolution
		HideSolutionNode = FALSE
	EndGlobalSection
	GlobalSection(ExtensibilityGlobals) = postSolution
		SolutionGuid = {98AE021F-6236-4AC0-BCA5-D8902907A281}
	EndGlobalSection
EndGlobal
