
Microsoft Visual Studio Solution File, Format Version 12.00
# Visual Studio Version 16
VisualStudioVersion = 16.0.29424.173
MinimumVisualStudioVersion = 10.0.40219.1
Project("{888888A0-9F3D-457C-B088-3A5042F75D52}") = "Q3.2.1_soln", "Q3.2.1_soln\Q3.2.1_soln.pyproj", "{E1E45592-85E1-4311-8639-487D404F8DE2}"
EndProject
Global
	GlobalSection(SolutionConfigurationPlatforms) = preSolution
		Debug|Any CPU = Debug|Any CPU
		Release|Any CPU = Release|Any CPU
	EndGlobalSection
	GlobalSection(ProjectConfigurationPlatforms) = postSolution
		{E1E45592-85E1-4311-8639-487D404F8DE2}.Debug|Any CPU.ActiveCfg = Debug|Any CPU
		{E1E45592-85E1-4311-8639-487D404F8DE2}.Release|Any CPU.ActiveCfg = Release|Any CPU
	EndGlobalSection
	GlobalSection(SolutionProperties) = preSolution
		HideSolutionNode = FALSE
	EndGlobalSection
	GlobalSection(ExtensibilityGlobals) = postSolution
		SolutionGuid = {91AA096F-D2E3-43FD-8334-1F531EA3F6AC}
	EndGlobalSection
EndGlobal
